{
  "requires": true,
  "lockfileVersion": 1,
  "dependencies": {
    "expo-constants": {
      "version": "5.0.1",
      "resolved": "https://registry.npmjs.org/expo-constants/-/expo-constants-5.0.1.tgz",
      "integrity": "sha512-Ny3teALKaE/jFzBg6DHr2GOoHpwQ/OLs3q3VugZOoR6hXCeVcCEP9MyNvhgn/cheeBDAa6UIgarv2Yufb5RMqQ==",
      "requires": {
        "ua-parser-js": "^0.7.19"
      }
    },
    "ua-parser-js": {
      "version": "0.7.20",
      "resolved": "https://registry.npmjs.org/ua-parser-js/-/ua-parser-js-0.7.20.tgz",
      "integrity": "sha512-8OaIKfzL5cpx8eCMAhhvTlft8GYF8b2eQr6JkCyVdrgjcytyOmPCXrqXFcUnhonRpLlh5yxEZVohm6mzaowUOw=="
    }
  }
}
